
Microsoft Visual Studio Solution File, Format Version 12.00
# Visual Studio Version 17
VisualStudioVersion = 17.14.36327.8 d17.14
MinimumVisualStudioVersion = 10.0.40219.1
Project("{FAE04EC0-301F-11D3-BF4B-00C04F79EFBC}") = "OOPInterfaces", "OOPInterfaces.csproj", "{4A3581AD-631C-4B1A-88CF-F1A8FD79B8EB}"
EndProject
Global
	GlobalSection(SolutionConfigurationPlatforms) = preSolution
		Debug|Any CPU = Debug|Any CPU
		Release|Any CPU = Release|Any CPU
	EndGlobalSection
	GlobalSection(ProjectConfigurationPlatforms) = postSolution
		{4A3581AD-631C-4B1A-88CF-F1A8FD79B8EB}.Debug|Any CPU.ActiveCfg = Debug|Any CPU
		{4A3581AD-631C-4B1A-88CF-F1A8FD79B8EB}.Debug|Any CPU.Build.0 = Debug|Any CPU
		{4A3581AD-631C-4B1A-88CF-F1A8FD79B8EB}.Release|Any CPU.ActiveCfg = Release|Any CPU
		{4A3581AD-631C-4B1A-88CF-F1A8FD79B8EB}.Release|Any CPU.Build.0 = Release|Any CPU
	EndGlobalSection
	GlobalSection(SolutionProperties) = preSolution
		HideSolutionNode = FALSE
	EndGlobalSection
	GlobalSection(ExtensibilityGlobals) = postSolution
		SolutionGuid = {D380E619-4992-4D26-8222-38B47D7F3C06}
	EndGlobalSection
EndGlobal
