
Microsoft Visual Studio Solution File, Format Version 12.00
# Visual Studio Version 17
VisualStudioVersion = 17.14.36327.8 d17.14
MinimumVisualStudioVersion = 10.0.40219.1
Project("{FAE04EC0-301F-11D3-BF4B-00C04F79EFBC}") = "OOPAbstraction", "OOPAbstraction.csproj", "{C44D94CC-CC6E-4D3D-8FAB-DCE38BC44670}"
EndProject
Global
	GlobalSection(SolutionConfigurationPlatforms) = preSolution
		Debug|Any CPU = Debug|Any CPU
		Release|Any CPU = Release|Any CPU
	EndGlobalSection
	GlobalSection(ProjectConfigurationPlatforms) = postSolution
		{C44D94CC-CC6E-4D3D-8FAB-DCE38BC44670}.Debug|Any CPU.ActiveCfg = Debug|Any CPU
		{C44D94CC-CC6E-4D3D-8FAB-DCE38BC44670}.Debug|Any CPU.Build.0 = Debug|Any CPU
		{C44D94CC-CC6E-4D3D-8FAB-DCE38BC44670}.Release|Any CPU.ActiveCfg = Release|Any CPU
		{C44D94CC-CC6E-4D3D-8FAB-DCE38BC44670}.Release|Any CPU.Build.0 = Release|Any CPU
	EndGlobalSection
	GlobalSection(SolutionProperties) = preSolution
		HideSolutionNode = FALSE
	EndGlobalSection
	GlobalSection(ExtensibilityGlobals) = postSolution
		SolutionGuid = {64D0270D-D72E-42D4-8ECC-1F7BF3C8B493}
	EndGlobalSection
EndGlobal
